# This file is automatically @generated by Cargo.
# It is not intended for manual editing.
version = 4

[[package]]
name = "neko-carrier"
version = "0.1.0"
dependencies = [
 "neko-session",
]

[[package]]
name = "neko-cli"
version = "0.1.0"

[[package]]
name = "neko-session"
version = "0.1.0"

[[package]]
name = "neko-wire"
version = "0.1.0"
